
Microsoft Visual Studio Solution File, Format Version 12.00
# Visual Studio Version 17
VisualStudioVersion = 17.4.33213.308
MinimumVisualStudioVersion = 10.0.40219.1
Project("{2150E333-8FDC-42A3-9474-1A3956D46DE8}") = "EShop", "EShop", "{F6055832-E2EF-4ABF-ABCB-AF6DED60BE45}"
EndProject
Project("{FAE04EC0-301F-11D3-BF4B-00C04F79EFBC}") = "EShop.Web", "EShop.Web\EShop.Web.csproj", "{831A6169-3E18-4329-97BB-96332FB2CD5A}"
EndProject
Global
	GlobalSection(SolutionConfigurationPlatforms) = preSolution
		Debug|Any CPU = Debug|Any CPU
		Release|Any CPU = Release|Any CPU
	EndGlobalSection
	GlobalSection(ProjectConfigurationPlatforms) = postSolution
		{831A6169-3E18-4329-97BB-96332FB2CD5A}.Debug|Any CPU.ActiveCfg = Debug|Any CPU
		{831A6169-3E18-4329-97BB-96332FB2CD5A}.Debug|Any CPU.Build.0 = Debug|Any CPU
		{831A6169-3E18-4329-97BB-96332FB2CD5A}.Release|Any CPU.ActiveCfg = Release|Any CPU
		{831A6169-3E18-4329-97BB-96332FB2CD5A}.Release|Any CPU.Build.0 = Release|Any CPU
	EndGlobalSection
	GlobalSection(SolutionProperties) = preSolution
		HideSolutionNode = FALSE
	EndGlobalSection
	GlobalSection(NestedProjects) = preSolution
		{831A6169-3E18-4329-97BB-96332FB2CD5A} = {F6055832-E2EF-4ABF-ABCB-AF6DED60BE45}
	EndGlobalSection
	GlobalSection(ExtensibilityGlobals) = postSolution
		SolutionGuid = {C3163B2D-3F67-4520-8B1F-70F2ED054AAF}
	EndGlobalSection
EndGlobal
